# @generated by Move, please check-in and do not edit manually.

[move]
version = 3
manifest_digest = "5E586DEB9171D4A18870F82FE8CDCE8986AF1AE8DF9EACA465CF52F1C7F22B43"
deps_digest = "F8BBB0CCB2491CA29A3DF03D6F92277A4F3574266507ACD77214D37ECA3F3082"
dependencies = [
  { id = "Sui", name = "Sui" },
]

[[move.package]]
id = "MoveStdlib"
source = { git = "https://github.com/MystenLabs/sui.git", rev = "framework/testnet", subdir = "crates/sui-framework/packages/move-stdlib" }

[[move.package]]
id = "Sui"
source = { git = "https://github.com/MystenLabs/sui.git", rev = "framework/testnet", subdir = "crates/sui-framework/packages/sui-framework" }

dependencies = [
  { id = "MoveStdlib", name = "MoveStdlib" },
]

[move.toolchain-version]
compiler-version = "1.39.1"
edition = "2024.beta"
flavor = "sui"

[env]

[env.fullnode_url]
chain-id = "4c78adac"
original-published-id = "0x341290ce77d8cdd37c0ea13807e1cd6f4070a42c286adfc5340f438b7e8a1684"
latest-published-id = "0x341290ce77d8cdd37c0ea13807e1cd6f4070a42c286adfc5340f438b7e8a1684"
published-version = "1"
